github.com/WebmiRU/YudolePlatformPackages/module v0.0.0-20240612195338-37aa73271c5f/go.mod h1:s2FaIuAXzMwRyFbUKj3IrjadFr2YQrmsfgjgqS2oKUs=
github.com/gorilla/mux v1.8.1 h1:TuBL49tXwgrFYWhqrNgrUNEY92u81SPhu7sTdzQEiWY=
github.com/gorilla/mux v1.8.1/go.mod h1:AKf9I4AEqPTmMytcMc0KkNouC66V3BtZ4qD5fmWSiMQ=
